{
  "requires": true,
  "lockfileVersion": 1,
  "dependencies": {
    "axios": {
      "version": "0.16.2",
      "resolved": "https://registry.npmjs.org/axios/-/axios-0.16.2.tgz",
      "integrity": "sha1-uk+S8XFn37q0CYN4VFS5rBScPG0=",
      "requires": {
        "follow-redirects": "1.4.1",
        "is-buffer": "1.1.6"
      }
    },
    "debug": {
      "version": "3.1.0",
      "resolved": "https://registry.npmjs.org/debug/-/debug-3.1.0.tgz",
      "integrity": "sha512-OX8XqP7/1a9cqkxYw2yXss15f26NKWBpDXQd0/uK/KPqdQhxbPa994hnzjcE2VqQpDslf55723cKPUOGSmMY3g==",
      "requires": {
        "ms": "2.0.0"
      }
    },
    "devour-client": {
      "version": "2.0.7",
      "resolved": "https://registry.npmjs.org/devour-client/-/devour-client-2.0.7.tgz",
      "integrity": "sha1-nbM/9xc7odWraOVDPr5W1rAQp3M=",
      "requires": {
        "axios": "0.16.2",
        "es6-promise": "3.3.1",
        "lodash": "4.17.5",
        "minilog": "3.1.0",
        "pluralize": "1.2.1",
        "qs": "6.5.1"
      }
    },
    "director": {
      "version": "1.2.8",
      "resolved": "https://registry.npmjs.org/director/-/director-1.2.8.tgz",
      "integrity": "sha1-xtm03YkOmv9TZRg/6cyOc5lM8tU="
    },
    "es6-promise": {
      "version": "3.3.1",
      "resolved": "https://registry.npmjs.org/es6-promise/-/es6-promise-3.3.1.tgz",
      "integrity": "sha1-oIzd6EzNvzTQJ6FFG8kdS80ophM="
    },
    "follow-redirects": {
      "version": "1.4.1",
      "resolved": "https://registry.npmjs.org/follow-redirects/-/follow-redirects-1.4.1.tgz",
      "integrity": "sha512-uxYePVPogtya1ktGnAAXOacnbIuRMB4dkvqeNz2qTtTQsuzSfbDolV+wMMKxAmCx0bLgAKLbBOkjItMbbkR1vg==",
      "requires": {
        "debug": "3.1.0"
      }
    },
    "is-buffer": {
      "version": "1.1.6",
      "resolved": "https://registry.npmjs.org/is-buffer/-/is-buffer-1.1.6.tgz",
      "integrity": "sha512-NcdALwpXkTm5Zvvbk7owOUSvVvBKDgKP5/ewfXEznmQFfs4ZRmanOeKBTjRVjka3QFoN6XJ+9F3USqfHqTaU5w=="
    },
    "lodash": {
      "version": "4.17.5",
      "resolved": "https://registry.npmjs.org/lodash/-/lodash-4.17.5.tgz",
      "integrity": "sha512-svL3uiZf1RwhH+cWrfZn3A4+U58wbP0tGVTLQPbjplZxZ8ROD9VLuNgsRniTlLe7OlSqR79RUehXgpBW/s0IQw=="
    },
    "microee": {
      "version": "0.0.6",
      "resolved": "https://registry.npmjs.org/microee/-/microee-0.0.6.tgz",
      "integrity": "sha1-oSvbAQNoHosSapsHHrpMRnx4//4="
    },
    "minilog": {
      "version": "3.1.0",
      "resolved": "https://registry.npmjs.org/minilog/-/minilog-3.1.0.tgz",
      "integrity": "sha1-0tDxiHyjY9Gs8OqG1cTfKTs/tnU=",
      "requires": {
        "microee": "0.0.6"
      }
    },
    "ms": {
      "version": "2.0.0",
      "resolved": "https://registry.npmjs.org/ms/-/ms-2.0.0.tgz",
      "integrity": "sha1-VgiurfwAvmwpAd9fmGF4jeDVl8g="
    },
    "pluralize": {
      "version": "1.2.1",
      "resolved": "https://registry.npmjs.org/pluralize/-/pluralize-1.2.1.tgz",
      "integrity": "sha1-0aIUg/0iu0HlihL6NCGCMUCJfEU="
    },
    "qs": {
      "version": "6.5.1",
      "resolved": "https://registry.npmjs.org/qs/-/qs-6.5.1.tgz",
      "integrity": "sha512-eRzhrN1WSINYCDCbrz796z37LOe3m5tmW7RQf6oBntukAG1nmovJvhnwHHRMAfeoItc1m2Hk02WER2aQ/iqs+A=="
    },
    "todomvc-app-css": {
      "version": "2.1.0",
      "resolved": "https://registry.npmjs.org/todomvc-app-css/-/todomvc-app-css-2.1.0.tgz",
      "integrity": "sha1-tvJxbTOa+i5feZNH0qSLBTliQqU="
    },
    "todomvc-common": {
      "version": "1.0.4",
      "resolved": "https://registry.npmjs.org/todomvc-common/-/todomvc-common-1.0.4.tgz",
      "integrity": "sha512-AA0Z4exovEqubhbZCrzzn9roVT4zvOncS319p2zIc4CsNe5B9TLL7Sei1NIV6d+WrgR5rOi+y0I9Y6GE7xgNOw=="
    },
    "vue": {
      "version": "2.5.13",
      "resolved": "https://registry.npmjs.org/vue/-/vue-2.5.13.tgz",
      "integrity": "sha512-3D+lY7HTkKbtswDM4BBHgqyq+qo8IAEE8lz8va1dz3LLmttjgo0FxairO4r1iN2OBqk8o1FyL4hvzzTFEdQSEw=="
    }
  }
}
